langcode: en
status: true
dependencies:
  module:
    - search
    - system
  theme:
    - platon
id: dashboard_search_form_block
theme: platon
region: content
weight: -7
provider: null
plugin: search_form_block
settings:
  id: search_form_block
  label: 'Dashboard: Search form'
  provider: search
  label_display: visible
visibility:
  request_path:
    id: request_path
    pages: '<front>'
    negate: false
    context_mapping: {  }
